
Microsoft Visual Studio Solution File, Format Version 12.00
# Visual Studio 15
Project("{FAE04EC0-301F-11D3-BF4B-00C04F79EFBC}") = "ApprenticeHoloLens", "ApprenticeHoloLens.csproj", "{C1F08C63-DD52-3DFC-3622-299CC3E76A72}"
EndProject
Project("{FAE04EC0-301F-11D3-BF4B-00C04F79EFBC}") = "ApprenticeHoloLens.Editor", "ApprenticeHoloLens.Editor.csproj", "{07C84681-F084-CFCA-DDCD-379AD0103416}"
EndProject
Global
	GlobalSection(SolutionConfigurationPlatforms) = preSolution
		Debug|Any CPU = Debug|Any CPU
		Release|Any CPU = Release|Any CPU
	EndGlobalSection
	GlobalSection(ProjectConfigurationPlatforms) = postSolution
		{C1F08C63-DD52-3DFC-3622-299CC3E76A72}.Debug|Any CPU.ActiveCfg = Debug|Any CPU
		{C1F08C63-DD52-3DFC-3622-299CC3E76A72}.Debug|Any CPU.Build.0 = Debug|Any CPU
		{C1F08C63-DD52-3DFC-3622-299CC3E76A72}.Release|Any CPU.ActiveCfg = Release|Any CPU
		{C1F08C63-DD52-3DFC-3622-299CC3E76A72}.Release|Any CPU.Build.0 = Release|Any CPU
		{07C84681-F084-CFCA-DDCD-379AD0103416}.Debug|Any CPU.ActiveCfg = Debug|Any CPU
		{07C84681-F084-CFCA-DDCD-379AD0103416}.Debug|Any CPU.Build.0 = Debug|Any CPU
		{07C84681-F084-CFCA-DDCD-379AD0103416}.Release|Any CPU.ActiveCfg = Release|Any CPU
		{07C84681-F084-CFCA-DDCD-379AD0103416}.Release|Any CPU.Build.0 = Release|Any CPU
	EndGlobalSection
	GlobalSection(SolutionProperties) = preSolution
		HideSolutionNode = FALSE
	EndGlobalSection
EndGlobal
