
Microsoft Visual Studio Solution File, Format Version 12.00
# Visual Studio 2017
Project("{FAE04EC0-301F-11D3-BF4B-00C04F79EFBC}") = "ARCoreModelViewer", "ARCoreModelViewer.csproj", "{5BF6B4EA-316D-F748-C20F-509647FD115A}"
EndProject
Project("{FAE04EC0-301F-11D3-BF4B-00C04F79EFBC}") = "ARCoreModelViewer.Editor", "ARCoreModelViewer.Editor.csproj", "{3DCC1584-1A3B-68B9-446B-0DFFE711CD85}"
EndProject
Global
	GlobalSection(SolutionConfigurationPlatforms) = preSolution
		Debug|Any CPU = Debug|Any CPU
		Release|Any CPU = Release|Any CPU
	EndGlobalSection
	GlobalSection(ProjectConfigurationPlatforms) = postSolution
		{5BF6B4EA-316D-F748-C20F-509647FD115A}.Debug|Any CPU.ActiveCfg = Debug|Any CPU
		{5BF6B4EA-316D-F748-C20F-509647FD115A}.Debug|Any CPU.Build.0 = Debug|Any CPU
		{5BF6B4EA-316D-F748-C20F-509647FD115A}.Release|Any CPU.ActiveCfg = Release|Any CPU
		{5BF6B4EA-316D-F748-C20F-509647FD115A}.Release|Any CPU.Build.0 = Release|Any CPU
		{3DCC1584-1A3B-68B9-446B-0DFFE711CD85}.Debug|Any CPU.ActiveCfg = Debug|Any CPU
		{3DCC1584-1A3B-68B9-446B-0DFFE711CD85}.Debug|Any CPU.Build.0 = Debug|Any CPU
		{3DCC1584-1A3B-68B9-446B-0DFFE711CD85}.Release|Any CPU.ActiveCfg = Release|Any CPU
		{3DCC1584-1A3B-68B9-446B-0DFFE711CD85}.Release|Any CPU.Build.0 = Release|Any CPU
	EndGlobalSection
	GlobalSection(SolutionProperties) = preSolution
		HideSolutionNode = FALSE
	EndGlobalSection
EndGlobal
